
Microsoft Visual Studio Solution File, Format Version 12.00
# Visual Studio 15
VisualStudioVersion = 15.0.26124.0
MinimumVisualStudioVersion = 15.0.26124.0
Project("{FAE04EC0-301F-11D3-BF4B-00C04F79EFBC}") = "Otter", "Otter\Otter.csproj", "{0C8E7FD4-C079-4B58-9296-77B24950C6A6}"
EndProject
Project("{2150E333-8FDC-42A3-9474-1A3956D46DE8}") = "Examples", "Examples", "{EA030299-F007-4BEF-ABEA-9F2F5F209F4D}"
EndProject
Project("{FAE04EC0-301F-11D3-BF4B-00C04F79EFBC}") = "AutoTilingExample", "Examples\AutoTilingExample\AutoTilingExample.csproj", "{23718BD8-D803-461A-851A-C70E2FDC079B}"
EndProject
Project("{FAE04EC0-301F-11D3-BF4B-00C04F79EFBC}") = "EditTextBox", "Examples\EditTextBox\EditTextBox.csproj", "{E758684E-8134-441D-AFCB-C187DE186F27}"
EndProject
Project("{FAE04EC0-301F-11D3-BF4B-00C04F79EFBC}") = "FlippyFlop", "Examples\FlippyFlop\FlippyFlop.csproj", "{A1FC6DC1-6FD3-435A-8059-B764DC305048}"
EndProject
Project("{FAE04EC0-301F-11D3-BF4B-00C04F79EFBC}") = "GridCollider", "Examples\GridCollider\GridCollider.csproj", "{3D2E218C-44E6-479E-8079-98923B9D929E}"
EndProject
Project("{FAE04EC0-301F-11D3-BF4B-00C04F79EFBC}") = "OtterPongGame", "Examples\OtterPongGame\OtterPongGame.csproj", "{4D90A712-CC9F-4912-B711-AE55588EAF12}"
EndProject
Project("{FAE04EC0-301F-11D3-BF4B-00C04F79EFBC}") = "PlatformingMovement", "Examples\PlatformingMovement\PlatformingMovement.csproj", "{BFDA45F0-EF24-4414-908B-A4EB25F22E08}"
EndProject
Project("{FAE04EC0-301F-11D3-BF4B-00C04F79EFBC}") = "Coroutine", "Examples\Coroutine\Coroutine.csproj", "{02F60820-8B41-4826-80CB-8205E4EC5D5F}"
EndProject
Global
	GlobalSection(SolutionConfigurationPlatforms) = preSolution
		Debug|Any CPU = Debug|Any CPU
		Debug|x64 = Debug|x64
		Debug|x86 = Debug|x86
		Release|Any CPU = Release|Any CPU
		Release|x64 = Release|x64
		Release|x86 = Release|x86
	EndGlobalSection
	GlobalSection(SolutionProperties) = preSolution
		HideSolutionNode = FALSE
	EndGlobalSection
	GlobalSection(ProjectConfigurationPlatforms) = postSolution
		{0C8E7FD4-C079-4B58-9296-77B24950C6A6}.Debug|Any CPU.ActiveCfg = Debug|Any CPU
		{0C8E7FD4-C079-4B58-9296-77B24950C6A6}.Debug|Any CPU.Build.0 = Debug|Any CPU
		{0C8E7FD4-C079-4B58-9296-77B24950C6A6}.Debug|x64.ActiveCfg = Debug|Any CPU
		{0C8E7FD4-C079-4B58-9296-77B24950C6A6}.Debug|x64.Build.0 = Debug|Any CPU
		{0C8E7FD4-C079-4B58-9296-77B24950C6A6}.Debug|x86.ActiveCfg = Debug|Any CPU
		{0C8E7FD4-C079-4B58-9296-77B24950C6A6}.Debug|x86.Build.0 = Debug|Any CPU
		{0C8E7FD4-C079-4B58-9296-77B24950C6A6}.Release|Any CPU.ActiveCfg = Release|Any CPU
		{0C8E7FD4-C079-4B58-9296-77B24950C6A6}.Release|Any CPU.Build.0 = Release|Any CPU
		{0C8E7FD4-C079-4B58-9296-77B24950C6A6}.Release|x64.ActiveCfg = Release|Any CPU
		{0C8E7FD4-C079-4B58-9296-77B24950C6A6}.Release|x64.Build.0 = Release|Any CPU
		{0C8E7FD4-C079-4B58-9296-77B24950C6A6}.Release|x86.ActiveCfg = Release|Any CPU
		{0C8E7FD4-C079-4B58-9296-77B24950C6A6}.Release|x86.Build.0 = Release|Any CPU
		{23718BD8-D803-461A-851A-C70E2FDC079B}.Debug|Any CPU.ActiveCfg = Debug|Any CPU
		{23718BD8-D803-461A-851A-C70E2FDC079B}.Debug|Any CPU.Build.0 = Debug|Any CPU
		{23718BD8-D803-461A-851A-C70E2FDC079B}.Debug|x64.ActiveCfg = Debug|Any CPU
		{23718BD8-D803-461A-851A-C70E2FDC079B}.Debug|x64.Build.0 = Debug|Any CPU
		{23718BD8-D803-461A-851A-C70E2FDC079B}.Debug|x86.ActiveCfg = Debug|Any CPU
		{23718BD8-D803-461A-851A-C70E2FDC079B}.Debug|x86.Build.0 = Debug|Any CPU
		{23718BD8-D803-461A-851A-C70E2FDC079B}.Release|Any CPU.ActiveCfg = Release|Any CPU
		{23718BD8-D803-461A-851A-C70E2FDC079B}.Release|Any CPU.Build.0 = Release|Any CPU
		{23718BD8-D803-461A-851A-C70E2FDC079B}.Release|x64.ActiveCfg = Release|Any CPU
		{23718BD8-D803-461A-851A-C70E2FDC079B}.Release|x64.Build.0 = Release|Any CPU
		{23718BD8-D803-461A-851A-C70E2FDC079B}.Release|x86.ActiveCfg = Release|Any CPU
		{23718BD8-D803-461A-851A-C70E2FDC079B}.Release|x86.Build.0 = Release|Any CPU
		{E758684E-8134-441D-AFCB-C187DE186F27}.Debug|Any CPU.ActiveCfg = Debug|Any CPU
		{E758684E-8134-441D-AFCB-C187DE186F27}.Debug|Any CPU.Build.0 = Debug|Any CPU
		{E758684E-8134-441D-AFCB-C187DE186F27}.Debug|x64.ActiveCfg = Debug|Any CPU
		{E758684E-8134-441D-AFCB-C187DE186F27}.Debug|x64.Build.0 = Debug|Any CPU
		{E758684E-8134-441D-AFCB-C187DE186F27}.Debug|x86.ActiveCfg = Debug|Any CPU
		{E758684E-8134-441D-AFCB-C187DE186F27}.Debug|x86.Build.0 = Debug|Any CPU
		{E758684E-8134-441D-AFCB-C187DE186F27}.Release|Any CPU.ActiveCfg = Release|Any CPU
		{E758684E-8134-441D-AFCB-C187DE186F27}.Release|Any CPU.Build.0 = Release|Any CPU
		{E758684E-8134-441D-AFCB-C187DE186F27}.Release|x64.ActiveCfg = Release|Any CPU
		{E758684E-8134-441D-AFCB-C187DE186F27}.Release|x64.Build.0 = Release|Any CPU
		{E758684E-8134-441D-AFCB-C187DE186F27}.Release|x86.ActiveCfg = Release|Any CPU
		{E758684E-8134-441D-AFCB-C187DE186F27}.Release|x86.Build.0 = Release|Any CPU
		{A1FC6DC1-6FD3-435A-8059-B764DC305048}.Debug|Any CPU.ActiveCfg = Debug|Any CPU
		{A1FC6DC1-6FD3-435A-8059-B764DC305048}.Debug|Any CPU.Build.0 = Debug|Any CPU
		{A1FC6DC1-6FD3-435A-8059-B764DC305048}.Debug|x64.ActiveCfg = Debug|Any CPU
		{A1FC6DC1-6FD3-435A-8059-B764DC305048}.Debug|x64.Build.0 = Debug|Any CPU
		{A1FC6DC1-6FD3-435A-8059-B764DC305048}.Debug|x86.ActiveCfg = Debug|Any CPU
		{A1FC6DC1-6FD3-435A-8059-B764DC305048}.Debug|x86.Build.0 = Debug|Any CPU
		{A1FC6DC1-6FD3-435A-8059-B764DC305048}.Release|Any CPU.ActiveCfg = Release|Any CPU
		{A1FC6DC1-6FD3-435A-8059-B764DC305048}.Release|Any CPU.Build.0 = Release|Any CPU
		{A1FC6DC1-6FD3-435A-8059-B764DC305048}.Release|x64.ActiveCfg = Release|Any CPU
		{A1FC6DC1-6FD3-435A-8059-B764DC305048}.Release|x64.Build.0 = Release|Any CPU
		{A1FC6DC1-6FD3-435A-8059-B764DC305048}.Release|x86.ActiveCfg = Release|Any CPU
		{A1FC6DC1-6FD3-435A-8059-B764DC305048}.Release|x86.Build.0 = Release|Any CPU
		{3D2E218C-44E6-479E-8079-98923B9D929E}.Debug|Any CPU.ActiveCfg = Debug|Any CPU
		{3D2E218C-44E6-479E-8079-98923B9D929E}.Debug|Any CPU.Build.0 = Debug|Any CPU
		{3D2E218C-44E6-479E-8079-98923B9D929E}.Debug|x64.ActiveCfg = Debug|Any CPU
		{3D2E218C-44E6-479E-8079-98923B9D929E}.Debug|x64.Build.0 = Debug|Any CPU
		{3D2E218C-44E6-479E-8079-98923B9D929E}.Debug|x86.ActiveCfg = Debug|Any CPU
		{3D2E218C-44E6-479E-8079-98923B9D929E}.Debug|x86.Build.0 = Debug|Any CPU
		{3D2E218C-44E6-479E-8079-98923B9D929E}.Release|Any CPU.ActiveCfg = Release|Any CPU
		{3D2E218C-44E6-479E-8079-98923B9D929E}.Release|Any CPU.Build.0 = Release|Any CPU
		{3D2E218C-44E6-479E-8079-98923B9D929E}.Release|x64.ActiveCfg = Release|Any CPU
		{3D2E218C-44E6-479E-8079-98923B9D929E}.Release|x64.Build.0 = Release|Any CPU
		{3D2E218C-44E6-479E-8079-98923B9D929E}.Release|x86.ActiveCfg = Release|Any CPU
		{3D2E218C-44E6-479E-8079-98923B9D929E}.Release|x86.Build.0 = Release|Any CPU
		{4D90A712-CC9F-4912-B711-AE55588EAF12}.Debug|Any CPU.ActiveCfg = Debug|Any CPU
		{4D90A712-CC9F-4912-B711-AE55588EAF12}.Debug|Any CPU.Build.0 = Debug|Any CPU
		{4D90A712-CC9F-4912-B711-AE55588EAF12}.Debug|x64.ActiveCfg = Debug|Any CPU
		{4D90A712-CC9F-4912-B711-AE55588EAF12}.Debug|x64.Build.0 = Debug|Any CPU
		{4D90A712-CC9F-4912-B711-AE55588EAF12}.Debug|x86.ActiveCfg = Debug|Any CPU
		{4D90A712-CC9F-4912-B711-AE55588EAF12}.Debug|x86.Build.0 = Debug|Any CPU
		{4D90A712-CC9F-4912-B711-AE55588EAF12}.Release|Any CPU.ActiveCfg = Release|Any CPU
		{4D90A712-CC9F-4912-B711-AE55588EAF12}.Release|Any CPU.Build.0 = Release|Any CPU
		{4D90A712-CC9F-4912-B711-AE55588EAF12}.Release|x64.ActiveCfg = Release|Any CPU
		{4D90A712-CC9F-4912-B711-AE55588EAF12}.Release|x64.Build.0 = Release|Any CPU
		{4D90A712-CC9F-4912-B711-AE55588EAF12}.Release|x86.ActiveCfg = Release|Any CPU
		{4D90A712-CC9F-4912-B711-AE55588EAF12}.Release|x86.Build.0 = Release|Any CPU
		{BFDA45F0-EF24-4414-908B-A4EB25F22E08}.Debug|Any CPU.ActiveCfg = Debug|Any CPU
		{BFDA45F0-EF24-4414-908B-A4EB25F22E08}.Debug|Any CPU.Build.0 = Debug|Any CPU
		{BFDA45F0-EF24-4414-908B-A4EB25F22E08}.Debug|x64.ActiveCfg = Debug|Any CPU
		{BFDA45F0-EF24-4414-908B-A4EB25F22E08}.Debug|x64.Build.0 = Debug|Any CPU
		{BFDA45F0-EF24-4414-908B-A4EB25F22E08}.Debug|x86.ActiveCfg = Debug|Any CPU
		{BFDA45F0-EF24-4414-908B-A4EB25F22E08}.Debug|x86.Build.0 = Debug|Any CPU
		{BFDA45F0-EF24-4414-908B-A4EB25F22E08}.Release|Any CPU.ActiveCfg = Release|Any CPU
		{BFDA45F0-EF24-4414-908B-A4EB25F22E08}.Release|Any CPU.Build.0 = Release|Any CPU
		{BFDA45F0-EF24-4414-908B-A4EB25F22E08}.Release|x64.ActiveCfg = Release|Any CPU
		{BFDA45F0-EF24-4414-908B-A4EB25F22E08}.Release|x64.Build.0 = Release|Any CPU
		{BFDA45F0-EF24-4414-908B-A4EB25F22E08}.Release|x86.ActiveCfg = Release|Any CPU
		{BFDA45F0-EF24-4414-908B-A4EB25F22E08}.Release|x86.Build.0 = Release|Any CPU
		{02F60820-8B41-4826-80CB-8205E4EC5D5F}.Debug|Any CPU.ActiveCfg = Debug|Any CPU
		{02F60820-8B41-4826-80CB-8205E4EC5D5F}.Debug|Any CPU.Build.0 = Debug|Any CPU
		{02F60820-8B41-4826-80CB-8205E4EC5D5F}.Debug|x64.ActiveCfg = Debug|Any CPU
		{02F60820-8B41-4826-80CB-8205E4EC5D5F}.Debug|x64.Build.0 = Debug|Any CPU
		{02F60820-8B41-4826-80CB-8205E4EC5D5F}.Debug|x86.ActiveCfg = Debug|Any CPU
		{02F60820-8B41-4826-80CB-8205E4EC5D5F}.Debug|x86.Build.0 = Debug|Any CPU
		{02F60820-8B41-4826-80CB-8205E4EC5D5F}.Release|Any CPU.ActiveCfg = Release|Any CPU
		{02F60820-8B41-4826-80CB-8205E4EC5D5F}.Release|Any CPU.Build.0 = Release|Any CPU
		{02F60820-8B41-4826-80CB-8205E4EC5D5F}.Release|x64.ActiveCfg = Release|Any CPU
		{02F60820-8B41-4826-80CB-8205E4EC5D5F}.Release|x64.Build.0 = Release|Any CPU
		{02F60820-8B41-4826-80CB-8205E4EC5D5F}.Release|x86.ActiveCfg = Release|Any CPU
		{02F60820-8B41-4826-80CB-8205E4EC5D5F}.Release|x86.Build.0 = Release|Any CPU
	EndGlobalSection
	GlobalSection(NestedProjects) = preSolution
		{23718BD8-D803-461A-851A-C70E2FDC079B} = {EA030299-F007-4BEF-ABEA-9F2F5F209F4D}
		{E758684E-8134-441D-AFCB-C187DE186F27} = {EA030299-F007-4BEF-ABEA-9F2F5F209F4D}
		{A1FC6DC1-6FD3-435A-8059-B764DC305048} = {EA030299-F007-4BEF-ABEA-9F2F5F209F4D}
		{3D2E218C-44E6-479E-8079-98923B9D929E} = {EA030299-F007-4BEF-ABEA-9F2F5F209F4D}
		{4D90A712-CC9F-4912-B711-AE55588EAF12} = {EA030299-F007-4BEF-ABEA-9F2F5F209F4D}
		{BFDA45F0-EF24-4414-908B-A4EB25F22E08} = {EA030299-F007-4BEF-ABEA-9F2F5F209F4D}
		{02F60820-8B41-4826-80CB-8205E4EC5D5F} = {EA030299-F007-4BEF-ABEA-9F2F5F209F4D}
	EndGlobalSection
EndGlobal
